
Microsoft Visual Studio Solution File, Format Version 12.00
# Visual Studio Version 17
VisualStudioVersion = 17.2.32526.322
MinimumVisualStudioVersion = 10.0.40219.1
Project("{FAE04EC0-301F-11D3-BF4B-00C04F79EFBC}") = "POS.Web", "POS.Web\POS.Web.csproj", "{714C325C-5298-430B-B309-5483DF7330C5}"
EndProject
Global
	GlobalSection(SolutionConfigurationPlatforms) = preSolution
		Debug|Any CPU = Debug|Any CPU
		Release|Any CPU = Release|Any CPU
	EndGlobalSection
	GlobalSection(ProjectConfigurationPlatforms) = postSolution
		{714C325C-5298-430B-B309-5483DF7330C5}.Debug|Any CPU.ActiveCfg = Debug|Any CPU
		{714C325C-5298-430B-B309-5483DF7330C5}.Debug|Any CPU.Build.0 = Debug|Any CPU
		{714C325C-5298-430B-B309-5483DF7330C5}.Release|Any CPU.ActiveCfg = Release|Any CPU
		{714C325C-5298-430B-B309-5483DF7330C5}.Release|Any CPU.Build.0 = Release|Any CPU
	EndGlobalSection
	GlobalSection(SolutionProperties) = preSolution
		HideSolutionNode = FALSE
	EndGlobalSection
	GlobalSection(ExtensibilityGlobals) = postSolution
		SolutionGuid = {25B4FB54-054D-4B52-B294-83AB5640B1CF}
	EndGlobalSection
EndGlobal
